// !$*UTF8*$!
{
	archiveVersion = 1;
	classes = {
	};
	objectVersion = 50;
	objects = {

/* Begin PBXBuildFile section */
		CF045E9622E709F50013DE41 /* gt-walsheim-bold-oblique-web.ttf in Resources */ = {isa = PBXBuildFile; fileRef = CF045E9522E709F50013DE41 /* gt-walsheim-bold-oblique-web.ttf */; };
		CF045E9822E70A5A0013DE41 /* gt-walsheim-bold-web.ttf in Resources */ = {isa = PBXBuildFile; fileRef = CF045E9722E70A5A0013DE41 /* gt-walsheim-bold-web.ttf */; };
		CF045E9A22E70BD90013DE41 /* gt-walsheim-medium-web.ttf in Resources */ = {isa = PBXBuildFile; fileRef = CF045E9922E70BD90013DE41 /* gt-walsheim-medium-web.ttf */; };
		CF045E9C22E711400013DE41 /* CollectionViewCell.swift in Sources */ = {isa = PBXBuildFile; fileRef = CF045E9B22E711400013DE41 /* CollectionViewCell.swift */; };
		CF1F5D8922F31F0300700E6D /* SecondCollectionViewCell.swift in Sources */ = {isa = PBXBuildFile; fileRef = CF1F5D8822F31F0300700E6D /* SecondCollectionViewCell.swift */; };
		CF34AC1922E0779D0075E203 /* AppDelegate.swift in Sources */ = {isa = PBXBuildFile; fileRef = CF34AC1822E0779D0075E203 /* AppDelegate.swift */; };
		CF34AC1B22E0779D0075E203 /* FirstViewController.swift in Sources */ = {isa = PBXBuildFile; fileRef = CF34AC1A22E0779D0075E203 /* FirstViewController.swift */; };
		CF34AC1E22E0779D0075E203 /* Fvmrmnts.xcdatamodeld in Sources */ = {isa = PBXBuildFile; fileRef = CF34AC1C22E0779D0075E203 /* Fvmrmnts.xcdatamodeld */; };
		CF34AC2322E077A00075E203 /* Assets.xcassets in Resources */ = {isa = PBXBuildFile; fileRef = CF34AC2222E077A00075E203 /* Assets.xcassets */; };
		CF34AC2D22E07AD00075E203 /* FvmrmntsColors.swift in Sources */ = {isa = PBXBuildFile; fileRef = CF34AC2C22E07AD00075E203 /* FvmrmntsColors.swift */; };
		CF34AC2F22E081D50075E203 /* NetHexColors.swift in Sources */ = {isa = PBXBuildFile; fileRef = CF34AC2E22E081D50075E203 /* NetHexColors.swift */; };
		CF5D5DD622E8B05F0023138E /* CollectionReusableView.swift in Sources */ = {isa = PBXBuildFile; fileRef = CF5D5DD422E8B05F0023138E /* CollectionReusableView.swift */; };
		CF5D5DD722E8B05F0023138E /* CollectionReusableView.xib in Resources */ = {isa = PBXBuildFile; fileRef = CF5D5DD522E8B05F0023138E /* CollectionReusableView.xib */; };
		CF5D5DD922E9EFBF0023138E /* gt-walsheim-regular-web.ttf in Resources */ = {isa = PBXBuildFile; fileRef = CF5D5DD822E9EFBF0023138E /* gt-walsheim-regular-web.ttf */; };
		CF9E099B22F1C1CC001A362E /* Coordinator.swift in Sources */ = {isa = PBXBuildFile; fileRef = CF9E099A22F1C1CC001A362E /* Coordinator.swift */; };
		CF9E099D22F1C89F001A362E /* FirstCoordinator.swift in Sources */ = {isa = PBXBuildFile; fileRef = CF9E099C22F1C89F001A362E /* FirstCoordinator.swift */; };
		CF9E099F22F1C950001A362E /* SecindCoordinator.swift in Sources */ = {isa = PBXBuildFile; fileRef = CF9E099E22F1C950001A362E /* SecindCoordinator.swift */; };
		CF9E09AA22F1CBF2001A362E /* SecondViewController.swift in Sources */ = {isa = PBXBuildFile; fileRef = CF9E09A822F1CBF2001A362E /* SecondViewController.swift */; };
		CFEE5A0222F2F37B002E8C9D /* ThirdViewController.swift in Sources */ = {isa = PBXBuildFile; fileRef = CFEE5A0022F2F37B002E8C9D /* ThirdViewController.swift */; };
		CFEE5A0322F2F37B002E8C9D /* ThirdViewController.xib in Resources */ = {isa = PBXBuildFile; fileRef = CFEE5A0122F2F37B002E8C9D /* ThirdViewController.xib */; };
/* End PBXBuildFile section */

/* Begin PBXFileReference section */
		CF045E9522E709F50013DE41 /* gt-walsheim-bold-oblique-web.ttf */ = {isa = PBXFileReference; lastKnownFileType = file; path = "gt-walsheim-bold-oblique-web.ttf"; sourceTree = "<group>"; };
		CF045E9722E70A5A0013DE41 /* gt-walsheim-bold-web.ttf */ = {isa = PBXFileReference; lastKnownFileType = file; path = "gt-walsheim-bold-web.ttf"; sourceTree = "<group>"; };
		CF045E9922E70BD90013DE41 /* gt-walsheim-medium-web.ttf */ = {isa = PBXFileReference; lastKnownFileType = file; path = "gt-walsheim-medium-web.ttf"; sourceTree = "<group>"; };
		CF045E9B22E711400013DE41 /* CollectionViewCell.swift */ = {isa = PBXFileReference; lastKnownFileType = sourcecode.swift; name = CollectionViewCell.swift; path = ../CollectionViewCell.swift; sourceTree = "<group>"; };
		CF1F5D8822F31F0300700E6D /* SecondCollectionViewCell.swift */ = {isa = PBXFileReference; lastKnownFileType = sourcecode.swift; path = SecondCollectionViewCell.swift; sourceTree = "<group>"; };
		CF34AC1522E0779D0075E203 /* Fvmrmnts.app */ = {isa = PBXFileReference; explicitFileType = wrapper.application; includeInIndex = 0; path = Fvmrmnts.app; sourceTree = BUILT_PRODUCTS_DIR; };
		CF34AC1822E0779D0075E203 /* AppDelegate.swift */ = {isa = PBXFileReference; lastKnownFileType = sourcecode.swift; path = AppDelegate.swift; sourceTree = "<group>"; };
		CF34AC1A22E0779D0075E203 /* FirstViewController.swift */ = {isa = PBXFileReference; lastKnownFileType = sourcecode.swift; name = FirstViewController.swift; path = ../FirstViewController.swift; sourceTree = "<group>"; };
		CF34AC1D22E0779D0075E203 /* Fvmrmnts.xcdatamodel */ = {isa = PBXFileReference; lastKnownFileType = wrapper.xcdatamodel; path = Fvmrmnts.xcdatamodel; sourceTree = "<group>"; };
		CF34AC2222E077A00075E203 /* Assets.xcassets */ = {isa = PBXFileReference; lastKnownFileType = folder.assetcatalog; path = Assets.xcassets; sourceTree = "<group>"; };
		CF34AC2422E077A00075E203 /* Info.plist */ = {isa = PBXFileReference; lastKnownFileType = text.plist.xml; path = Info.plist; sourceTree = "<group>"; };
		CF34AC2C22E07AD00075E203 /* FvmrmntsColors.swift */ = {isa = PBXFileReference; lastKnownFileType = sourcecode.swift; path = FvmrmntsColors.swift; sourceTree = "<group>"; };
		CF34AC2E22E081D50075E203 /* NetHexColors.swift */ = {isa = PBXFileReference; lastKnownFileType = sourcecode.swift; path = NetHexColors.swift; sourceTree = "<group>"; };
		CF5D5DD422E8B05F0023138E /* CollectionReusableView.swift */ = {isa = PBXFileReference; lastKnownFileType = sourcecode.swift; name = CollectionReusableView.swift; path = ../CollectionReusableView.swift; sourceTree = "<group>"; };
		CF5D5DD522E8B05F0023138E /* CollectionReusableView.xib */ = {isa = PBXFileReference; lastKnownFileType = file.xib; name = CollectionReusableView.xib; path = ../CollectionReusableView.xib; sourceTree = "<group>"; };
		CF5D5DD822E9EFBF0023138E /* gt-walsheim-regular-web.ttf */ = {isa = PBXFileReference; lastKnownFileType = file; path = "gt-walsheim-regular-web.ttf"; sourceTree = "<group>"; };
		CF9E099A22F1C1CC001A362E /* Coordinator.swift */ = {isa = PBXFileReference; lastKnownFileType = sourcecode.swift; path = Coordinator.swift; sourceTree = "<group>"; };
		CF9E099C22F1C89F001A362E /* FirstCoordinator.swift */ = {isa = PBXFileReference; lastKnownFileType = sourcecode.swift; path = FirstCoordinator.swift; sourceTree = "<group>"; };
		CF9E099E22F1C950001A362E /* SecindCoordinator.swift */ = {isa = PBXFileReference; lastKnownFileType = sourcecode.swift; path = SecindCoordinator.swift; sourceTree = "<group>"; };
		CF9E09A822F1CBF2001A362E /* SecondViewController.swift */ = {isa = PBXFileReference; lastKnownFileType = sourcecode.swift; name = SecondViewController.swift; path = ../SecondViewController.swift; sourceTree = "<group>"; };
		CFEE5A0022F2F37B002E8C9D /* ThirdViewController.swift */ = {isa = PBXFileReference; lastKnownFileType = sourcecode.swift; path = ThirdViewController.swift; sourceTree = "<group>"; };
		CFEE5A0122F2F37B002E8C9D /* ThirdViewController.xib */ = {isa = PBXFileReference; lastKnownFileType = file.xib; path = ThirdViewController.xib; sourceTree = "<group>"; };
/* End PBXFileReference section */

/* Begin PBXFrameworksBuildPhase section */
		CF34AC1222E0779D0075E203 /* Frameworks */ = {
			isa = PBXFrameworksBuildPhase;
			buildActionMask = 2147483647;
			files = (
			);
			runOnlyForDeploymentPostprocessing = 0;
		};
/* End PBXFrameworksBuildPhase section */

/* Begin PBXGroup section */
		CF34AC0C22E0779D0075E203 = {
			isa = PBXGroup;
			children = (
				CF34AC1722E0779D0075E203 /* Fvmrmnts */,
				CF34AC1622E0779D0075E203 /* Products */,
			);
			sourceTree = "<group>";
		};
		CF34AC1622E0779D0075E203 /* Products */ = {
			isa = PBXGroup;
			children = (
				CF34AC1522E0779D0075E203 /* Fvmrmnts.app */,
			);
			name = Products;
			sourceTree = "<group>";
		};
		CF34AC1722E0779D0075E203 /* Fvmrmnts */ = {
			isa = PBXGroup;
			children = (
				CF34AC1822E0779D0075E203 /* AppDelegate.swift */,
				CF9E099922F1C18E001A362E /* Coordinator */,
				CF54EAC522F311BE00431EE6 /* FirstViewShow */,
				CF54EAC622F3123D00431EE6 /* SecondViewShow */,
				CFEE5A0022F2F37B002E8C9D /* ThirdViewController.swift */,
				CFEE5A0122F2F37B002E8C9D /* ThirdViewController.xib */,
				CFE6B45D22E6031A00EE72CB /* TextFonts */,
				CF34AC2A22E07AA70075E203 /* Styles */,
				CF34AC2222E077A00075E203 /* Assets.xcassets */,
				CF34AC2422E077A00075E203 /* Info.plist */,
				CF34AC1C22E0779D0075E203 /* Fvmrmnts.xcdatamodeld */,
			);
			path = Fvmrmnts;
			sourceTree = "<group>";
		};
		CF34AC2A22E07AA70075E203 /* Styles */ = {
			isa = PBXGroup;
			children = (
				CF34AC2B22E07ABA0075E203 /* Cololrs */,
			);
			path = Styles;
			sourceTree = "<group>";
		};
		CF34AC2B22E07ABA0075E203 /* Cololrs */ = {
			isa = PBXGroup;
			children = (
				CF34AC2C22E07AD00075E203 /* FvmrmntsColors.swift */,
				CF34AC2E22E081D50075E203 /* NetHexColors.swift */,
			);
			path = Cololrs;
			sourceTree = "<group>";
		};
		CF462FAD22E6037D001765B3 /* GT Walsheim Pro */ = {
			isa = PBXGroup;
			children = (
				CF045E9922E70BD90013DE41 /* gt-walsheim-medium-web.ttf */,
				CF045E9522E709F50013DE41 /* gt-walsheim-bold-oblique-web.ttf */,
				CF5D5DD822E9EFBF0023138E /* gt-walsheim-regular-web.ttf */,
				CF045E9722E70A5A0013DE41 /* gt-walsheim-bold-web.ttf */,
			);
			path = "GT Walsheim Pro";
			sourceTree = "<group>";
		};
		CF54EAC522F311BE00431EE6 /* FirstViewShow */ = {
			isa = PBXGroup;
			children = (
				CF34AC1A22E0779D0075E203 /* FirstViewController.swift */,
				CF045E9B22E711400013DE41 /* CollectionViewCell.swift */,
				CF5D5DD422E8B05F0023138E /* CollectionReusableView.swift */,
				CF5D5DD522E8B05F0023138E /* CollectionReusableView.xib */,
			);
			path = FirstViewShow;
			sourceTree = "<group>";
		};
		CF54EAC622F3123D00431EE6 /* SecondViewShow */ = {
			isa = PBXGroup;
			children = (
				CF9E09A822F1CBF2001A362E /* SecondViewController.swift */,
				CF1F5D8822F31F0300700E6D /* SecondCollectionViewCell.swift */,
			);
			path = SecondViewShow;
			sourceTree = "<group>";
		};
		CF9E099922F1C18E001A362E /* Coordinator */ = {
			isa = PBXGroup;
			children = (
				CF9E099A22F1C1CC001A362E /* Coordinator.swift */,
				CF9E099C22F1C89F001A362E /* FirstCoordinator.swift */,
				CF9E099E22F1C950001A362E /* SecindCoordinator.swift */,
			);
			path = Coordinator;
			sourceTree = "<group>";
		};
		CFE6B45D22E6031A00EE72CB /* TextFonts */ = {
			isa = PBXGroup;
			children = (
				CF462FAD22E6037D001765B3 /* GT Walsheim Pro */,
			);
			path = TextFonts;
			sourceTree = "<group>";
		};
/* End PBXGroup section */

/* Begin PBXNativeTarget section */
		CF34AC1422E0779D0075E203 /* Fvmrmnts */ = {
			isa = PBXNativeTarget;
			buildConfigurationList = CF34AC2722E077A00075E203 /* Build configuration list for PBXNativeTarget "Fvmrmnts" */;
			buildPhases = (
				CF34AC1122E0779D0075E203 /* Sources */,
				CF34AC1222E0779D0075E203 /* Frameworks */,
				CF34AC1322E0779D0075E203 /* Resources */,
			);
			buildRules = (
			);
			dependencies = (
			);
			name = Fvmrmnts;
			productName = Fvmrmnts;
			productReference = CF34AC1522E0779D0075E203 /* Fvmrmnts.app */;
			productType = "com.apple.product-type.application";
		};
/* End PBXNativeTarget section */

/* Begin PBXProject section */
		CF34AC0D22E0779D0075E203 /* Project object */ = {
			isa = PBXProject;
			attributes = {
				LastSwiftUpdateCheck = 1020;
				LastUpgradeCheck = 1020;
				ORGANIZATIONNAME = "Ilya Ocumare";
				TargetAttributes = {
					CF34AC1422E0779D0075E203 = {
						CreatedOnToolsVersion = 10.2.1;
					};
				};
			};
			buildConfigurationList = CF34AC1022E0779D0075E203 /* Build configuration list for PBXProject "Fvmrmnts" */;
			compatibilityVersion = "Xcode 9.3";
			developmentRegion = en;
			hasScannedForEncodings = 0;
			knownRegions = (
				en,
				Base,
			);
			mainGroup = CF34AC0C22E0779D0075E203;
			productRefGroup = CF34AC1622E0779D0075E203 /* Products */;
			projectDirPath = "";
			projectRoot = "";
			targets = (
				CF34AC1422E0779D0075E203 /* Fvmrmnts */,
			);
		};
/* End PBXProject section */

/* Begin PBXResourcesBuildPhase section */
		CF34AC1322E0779D0075E203 /* Resources */ = {
			isa = PBXResourcesBuildPhase;
			buildActionMask = 2147483647;
			files = (
				CFEE5A0322F2F37B002E8C9D /* ThirdViewController.xib in Resources */,
				CF5D5DD722E8B05F0023138E /* CollectionReusableView.xib in Resources */,
				CF045E9622E709F50013DE41 /* gt-walsheim-bold-oblique-web.ttf in Resources */,
				CF045E9A22E70BD90013DE41 /* gt-walsheim-medium-web.ttf in Resources */,
				CF5D5DD922E9EFBF0023138E /* gt-walsheim-regular-web.ttf in Resources */,
				CF34AC2322E077A00075E203 /* Assets.xcassets in Resources */,
				CF045E9822E70A5A0013DE41 /* gt-walsheim-bold-web.ttf in Resources */,
			);
			runOnlyForDeploymentPostprocessing = 0;
		};
/* End PBXResourcesBuildPhase section */

/* Begin PBXSourcesBuildPhase section */
		CF34AC1122E0779D0075E203 /* Sources */ = {
			isa = PBXSourcesBuildPhase;
			buildActionMask = 2147483647;
			files = (
				CF9E09AA22F1CBF2001A362E /* SecondViewController.swift in Sources */,
				CF1F5D8922F31F0300700E6D /* SecondCollectionViewCell.swift in Sources */,
				CF9E099B22F1C1CC001A362E /* Coordinator.swift in Sources */,
				CF5D5DD622E8B05F0023138E /* CollectionReusableView.swift in Sources */,
				CF34AC1B22E0779D0075E203 /* FirstViewController.swift in Sources */,
				CF34AC2D22E07AD00075E203 /* FvmrmntsColors.swift in Sources */,
				CF9E099D22F1C89F001A362E /* FirstCoordinator.swift in Sources */,
				CF045E9C22E711400013DE41 /* CollectionViewCell.swift in Sources */,
				CF34AC2F22E081D50075E203 /* NetHexColors.swift in Sources */,
				CF34AC1E22E0779D0075E203 /* Fvmrmnts.xcdatamodeld in Sources */,
				CF9E099F22F1C950001A362E /* SecindCoordinator.swift in Sources */,
				CFEE5A0222F2F37B002E8C9D /* ThirdViewController.swift in Sources */,
				CF34AC1922E0779D0075E203 /* AppDelegate.swift in Sources */,
			);
			runOnlyForDeploymentPostprocessing = 0;
		};
/* End PBXSourcesBuildPhase section */

/* Begin XCBuildConfiguration section */
		CF34AC2522E077A00075E203 /* Debug */ = {
			isa = XCBuildConfiguration;
			buildSettings = {
				ALWAYS_SEARCH_USER_PATHS = NO;
				CLANG_ANALYZER_NONNULL = YES;
				CLANG_ANALYZER_NUMBER_OBJECT_CONVERSION = YES_AGGRESSIVE;
				CLANG_CXX_LANGUAGE_STANDARD = "gnu++14";
				CLANG_CXX_LIBRARY = "libc++";
				CLANG_ENABLE_MODULES = YES;
				CLANG_ENABLE_OBJC_ARC = YES;
				CLANG_ENABLE_OBJC_WEAK = YES;
				CLANG_WARN_BLOCK_CAPTURE_AUTORELEASING = YES;
				CLANG_WARN_BOOL_CONVERSION = YES;
				CLANG_WARN_COMMA = YES;
				CLANG_WARN_CONSTANT_CONVERSION = YES;
				CLANG_WARN_DEPRECATED_OBJC_IMPLEMENTATIONS = YES;
				CLANG_WARN_DIRECT_OBJC_ISA_USAGE = YES_ERROR;
				CLANG_WARN_DOCUMENTATION_COMMENTS = YES;
				CLANG_WARN_EMPTY_BODY = YES;
				CLANG_WARN_ENUM_CONVERSION = YES;
				CLANG_WARN_INFINITE_RECURSION = YES;
				CLANG_WARN_INT_CONVERSION = YES;
				CLANG_WARN_NON_LITERAL_NULL_CONVERSION = YES;
				CLANG_WARN_OBJC_IMPLICIT_RETAIN_SELF = YES;
				CLANG_WARN_OBJC_LITERAL_CONVERSION = YES;
				CLANG_WARN_OBJC_ROOT_CLASS = YES_ERROR;
				CLANG_WARN_RANGE_LOOP_ANALYSIS = YES;
				CLANG_WARN_STRICT_PROTOTYPES = YES;
				CLANG_WARN_SUSPICIOUS_MOVE = YES;
				CLANG_WARN_UNGUARDED_AVAILABILITY = YES_AGGRESSIVE;
				CLANG_WARN_UNREACHABLE_CODE = YES;
				CLANG_WARN__DUPLICATE_METHOD_MATCH = YES;
				COPY_PHASE_STRIP = NO;
				DEBUG_INFORMATION_FORMAT = dwarf;
				ENABLE_STRICT_OBJC_MSGSEND = YES;
				ENABLE_TESTABILITY = YES;
				GCC_C_LANGUAGE_STANDARD = gnu11;
				GCC_DYNAMIC_NO_PIC = NO;
				GCC_NO_COMMON_BLOCKS = YES;
				GCC_OPTIMIZATION_LEVEL = 0;
				GCC_PREPROCESSOR_DEFINITIONS = (
					"DEBUG=1",
					"$(inherited)",
				);
				GCC_WARN_64_TO_32_BIT_CONVERSION = YES;
				GCC_WARN_ABOUT_RETURN_TYPE = YES_ERROR;
				GCC_WARN_UNDECLARED_SELECTOR = YES;
				GCC_WARN_UNINITIALIZED_AUTOS = YES_AGGRESSIVE;
				GCC_WARN_UNUSED_FUNCTION = YES;
				GCC_WARN_UNUSED_VARIABLE = YES;
				MTL_ENABLE_DEBUG_INFO = INCLUDE_SOURCE;
				MTL_FAST_MATH = YES;
				ONLY_ACTIVE_ARCH = YES;
				SDKROOT = appletvos;
				SWIFT_ACTIVE_COMPILATION_CONDITIONS = DEBUG;
				SWIFT_OPTIMIZATION_LEVEL = "-Onone";
				TVOS_DEPLOYMENT_TARGET = 12.2;
			};
			name = Debug;
		};
		CF34AC2622E077A00075E203 /* Release */ = {
			isa = XCBuildConfiguration;
			buildSettings = {
				ALWAYS_SEARCH_USER_PATHS = NO;
				CLANG_ANALYZER_NONNULL = YES;
				CLANG_ANALYZER_NUMBER_OBJECT_CONVERSION = YES_AGGRESSIVE;
				CLANG_CXX_LANGUAGE_STANDARD = "gnu++14";
				CLANG_CXX_LIBRARY = "libc++";
				CLANG_ENABLE_MODULES = YES;
				CLANG_ENABLE_OBJC_ARC = YES;
				CLANG_ENABLE_OBJC_WEAK = YES;
				CLANG_WARN_BLOCK_CAPTURE_AUTORELEASING = YES;
				CLANG_WARN_BOOL_CONVERSION = YES;
				CLANG_WARN_COMMA = YES;
				CLANG_WARN_CONSTANT_CONVERSION = YES;
				CLANG_WARN_DEPRECATED_OBJC_IMPLEMENTATIONS = YES;
				CLANG_WARN_DIRECT_OBJC_ISA_USAGE = YES_ERROR;
				CLANG_WARN_DOCUMENTATION_COMMENTS = YES;
				CLANG_WARN_EMPTY_BODY = YES;
				CLANG_WARN_ENUM_CONVERSION = YES;
				CLANG_WARN_INFINITE_RECURSION = YES;
				CLANG_WARN_INT_CONVERSION = YES;
				CLANG_WARN_NON_LITERAL_NULL_CONVERSION = YES;
				CLANG_WARN_OBJC_IMPLICIT_RETAIN_SELF = YES;
				CLANG_WARN_OBJC_LITERAL_CONVERSION = YES;
				CLANG_WARN_OBJC_ROOT_CLASS = YES_ERROR;
				CLANG_WARN_RANGE_LOOP_ANALYSIS = YES;
				CLANG_WARN_STRICT_PROTOTYPES = YES;
				CLANG_WARN_SUSPICIOUS_MOVE = YES;
				CLANG_WARN_UNGUARDED_AVAILABILITY = YES_AGGRESSIVE;
				CLANG_WARN_UNREACHABLE_CODE = YES;
				CLANG_WARN__DUPLICATE_METHOD_MATCH = YES;
				COPY_PHASE_STRIP = NO;
				DEBUG_INFORMATION_FORMAT = "dwarf-with-dsym";
				ENABLE_NS_ASSERTIONS = NO;
				ENABLE_STRICT_OBJC_MSGSEND = YES;
				GCC_C_LANGUAGE_STANDARD = gnu11;
				GCC_NO_COMMON_BLOCKS = YES;
				GCC_WARN_64_TO_32_BIT_CONVERSION = YES;
				GCC_WARN_ABOUT_RETURN_TYPE = YES_ERROR;
				GCC_WARN_UNDECLARED_SELECTOR = YES;
				GCC_WARN_UNINITIALIZED_AUTOS = YES_AGGRESSIVE;
				GCC_WARN_UNUSED_FUNCTION = YES;
				GCC_WARN_UNUSED_VARIABLE = YES;
				MTL_ENABLE_DEBUG_INFO = NO;
				MTL_FAST_MATH = YES;
				SDKROOT = appletvos;
				SWIFT_COMPILATION_MODE = wholemodule;
				SWIFT_OPTIMIZATION_LEVEL = "-O";
				TVOS_DEPLOYMENT_TARGET = 12.2;
				VALIDATE_PRODUCT = YES;
			};
			name = Release;
		};
		CF34AC2822E077A00075E203 /* Debug */ = {
			isa = XCBuildConfiguration;
			buildSettings = {
				ASSETCATALOG_COMPILER_APPICON_NAME = "App Icon & Top Shelf Image";
				ASSETCATALOG_COMPILER_LAUNCHIMAGE_NAME = LaunchImage;
				CODE_SIGN_STYLE = Automatic;
				DEVELOPMENT_TEAM = BRLU765MJG;
				INFOPLIST_FILE = Fvmrmnts/Info.plist;
				LD_RUNPATH_SEARCH_PATHS = (
					"$(inherited)",
					"@executable_path/Frameworks",
				);
				PRODUCT_BUNDLE_IDENTIFIER = "ilya-ocymare.Fvmrmnts";
				PRODUCT_NAME = "$(TARGET_NAME)";
				SWIFT_VERSION = 5.0;
				TARGETED_DEVICE_FAMILY = 3;
			};
			name = Debug;
		};
		CF34AC2922E077A00075E203 /* Release */ = {
			isa = XCBuildConfiguration;
			buildSettings = {
				ASSETCATALOG_COMPILER_APPICON_NAME = "App Icon & Top Shelf Image";
				ASSETCATALOG_COMPILER_LAUNCHIMAGE_NAME = LaunchImage;
				CODE_SIGN_STYLE = Automatic;
				DEVELOPMENT_TEAM = BRLU765MJG;
				INFOPLIST_FILE = Fvmrmnts/Info.plist;
				LD_RUNPATH_SEARCH_PATHS = (
					"$(inherited)",
					"@executable_path/Frameworks",
				);
				PRODUCT_BUNDLE_IDENTIFIER = "ilya-ocymare.Fvmrmnts";
				PRODUCT_NAME = "$(TARGET_NAME)";
				SWIFT_VERSION = 5.0;
				TARGETED_DEVICE_FAMILY = 3;
			};
			name = Release;
		};
/* End XCBuildConfiguration section */

/* Begin XCConfigurationList section */
		CF34AC1022E0779D0075E203 /* Build configuration list for PBXProject "Fvmrmnts" */ = {
			isa = XCConfigurationList;
			buildConfigurations = (
				CF34AC2522E077A00075E203 /* Debug */,
				CF34AC2622E077A00075E203 /* Release */,
			);
			defaultConfigurationIsVisible = 0;
			defaultConfigurationName = Release;
		};
		CF34AC2722E077A00075E203 /* Build configuration list for PBXNativeTarget "Fvmrmnts" */ = {
			isa = XCConfigurationList;
			buildConfigurations = (
				CF34AC2822E077A00075E203 /* Debug */,
				CF34AC2922E077A00075E203 /* Release */,
			);
			defaultConfigurationIsVisible = 0;
			defaultConfigurationName = Release;
		};
/* End XCConfigurationList section */

/* Begin XCVersionGroup section */
		CF34AC1C22E0779D0075E203 /* Fvmrmnts.xcdatamodeld */ = {
			isa = XCVersionGroup;
			children = (
				CF34AC1D22E0779D0075E203 /* Fvmrmnts.xcdatamodel */,
			);
			currentVersion = CF34AC1D22E0779D0075E203 /* Fvmrmnts.xcdatamodel */;
			path = Fvmrmnts.xcdatamodeld;
			sourceTree = "<group>";
			versionGroupType = wrapper.xcdatamodel;
		};
/* End XCVersionGroup section */
	};
	rootObject = CF34AC0D22E0779D0075E203 /* Project object */;
}
